
Microsoft Visual Studio Solution File, Format Version 12.00
# Visual Studio Version 17
VisualStudioVersion = 17.11.35222.181
MinimumVisualStudioVersion = 10.0.40219.1
Project("{9A19103F-16F7-4668-BE54-9A1E7A4F7556}") = "PV221Chat", "PV221Chat\PV221Chat.csproj", "{1456B711-D12B-45CF-9E8E-741C73C9471A}"
EndProject
Global
	GlobalSection(SolutionConfigurationPlatforms) = preSolution
		Debug|Any CPU = Debug|Any CPU
		Release|Any CPU = Release|Any CPU
	EndGlobalSection
	GlobalSection(ProjectConfigurationPlatforms) = postSolution
		{1456B711-D12B-45CF-9E8E-741C73C9471A}.Debug|Any CPU.ActiveCfg = Debug|Any CPU
		{1456B711-D12B-45CF-9E8E-741C73C9471A}.Debug|Any CPU.Build.0 = Debug|Any CPU
		{1456B711-D12B-45CF-9E8E-741C73C9471A}.Release|Any CPU.ActiveCfg = Release|Any CPU
		{1456B711-D12B-45CF-9E8E-741C73C9471A}.Release|Any CPU.Build.0 = Release|Any CPU
	EndGlobalSection
	GlobalSection(SolutionProperties) = preSolution
		HideSolutionNode = FALSE
	EndGlobalSection
	GlobalSection(ExtensibilityGlobals) = postSolution
		SolutionGuid = {FD4B6B47-AFE1-4D39-B45D-32E52BE5B710}
	EndGlobalSection
EndGlobal
